
Microsoft Visual Studio Solution File, Format Version 12.00
# Visual Studio Version 17
VisualStudioVersion = 17.5.002.0
MinimumVisualStudioVersion = 10.0.40219.1
Project("{9A19103F-16F7-4668-BE54-9A1E7A4F7556}") = "FMS.Domain", "FMS.Domain.csproj", "{00312A10-4A3F-4460-AEDC-3FE313F5B6CE}"
EndProject
Global
	GlobalSection(SolutionConfigurationPlatforms) = preSolution
		Debug|Any CPU = Debug|Any CPU
		Release|Any CPU = Release|Any CPU
	EndGlobalSection
	GlobalSection(ProjectConfigurationPlatforms) = postSolution
		{00312A10-4A3F-4460-AEDC-3FE313F5B6CE}.Debug|Any CPU.ActiveCfg = Debug|Any CPU
		{00312A10-4A3F-4460-AEDC-3FE313F5B6CE}.Debug|Any CPU.Build.0 = Debug|Any CPU
		{00312A10-4A3F-4460-AEDC-3FE313F5B6CE}.Release|Any CPU.ActiveCfg = Release|Any CPU
		{00312A10-4A3F-4460-AEDC-3FE313F5B6CE}.Release|Any CPU.Build.0 = Release|Any CPU
	EndGlobalSection
	GlobalSection(SolutionProperties) = preSolution
		HideSolutionNode = FALSE
	EndGlobalSection
	GlobalSection(ExtensibilityGlobals) = postSolution
		SolutionGuid = {FA7DDABB-6DFC-43CA-8751-A14807DC919A}
	EndGlobalSection
EndGlobal
